
Microsoft Visual Studio Solution File, Format Version 12.00
# Visual Studio Version 16
VisualStudioVersion = 16.0.29613.14
MinimumVisualStudioVersion = 10.0.40219.1
Project("{8BC9CEB8-8B4A-11D0-8D11-00A0C91BC942}") = "ConsoleApplication1", "ConsoleApplication1.vcxproj", "{58A1BFE0-888D-43C1-BCB7-8097658FF962}"
EndProject
Global
	GlobalSection(SolutionConfigurationPlatforms) = preSolution
		Debug|x64 = Debug|x64
		Debug|x86 = Debug|x86
		Release|x64 = Release|x64
		Release|x86 = Release|x86
	EndGlobalSection
	GlobalSection(ProjectConfigurationPlatforms) = postSolution
		{58A1BFE0-888D-43C1-BCB7-8097658FF962}.Debug|x64.ActiveCfg = Debug|x64
		{58A1BFE0-888D-43C1-BCB7-8097658FF962}.Debug|x64.Build.0 = Debug|x64
		{58A1BFE0-888D-43C1-BCB7-8097658FF962}.Debug|x86.ActiveCfg = Debug|Win32
		{58A1BFE0-888D-43C1-BCB7-8097658FF962}.Debug|x86.Build.0 = Debug|Win32
		{58A1BFE0-888D-43C1-BCB7-8097658FF962}.Release|x64.ActiveCfg = Release|x64
		{58A1BFE0-888D-43C1-BCB7-8097658FF962}.Release|x64.Build.0 = Release|x64
		{58A1BFE0-888D-43C1-BCB7-8097658FF962}.Release|x86.ActiveCfg = Release|Win32
		{58A1BFE0-888D-43C1-BCB7-8097658FF962}.Release|x86.Build.0 = Release|Win32
	EndGlobalSection
	GlobalSection(SolutionProperties) = preSolution
		HideSolutionNode = FALSE
	EndGlobalSection
	GlobalSection(ExtensibilityGlobals) = postSolution
		SolutionGuid = {D47BD081-BA97-4FE2-BC38-09CD5F709C2B}
	EndGlobalSection
EndGlobal
